github.com/aws/aws-sdk-go-v2 v1.16.13/go.mod h1:xSyvSnzh0KLs5H4HJGeIEsNYemUWdNIl0b/rP6SIsLU=
github.com/aws/aws-sdk-go-v2/internal/configsources v1.1.20/go.mod h1:gdZ5gRUaxThXIZyZQ8MTtgYBk2jbHgp05BO3GcD9Cwc=
github.com/aws/aws-sdk-go-v2/internal/endpoints/v2 v2.4.14/go.mod h1:GEV9jaDPIgayiU+uevxwozcvUOjc+P4aHE2BeSjm2vE=
github.com/aws/aws-sdk-go-v2/service/ssm v1.27.12 h1:c+zWWjXj1w8lFHG/r/dbQYhozgfNDpIdeDJpvt8A/yc=
github.com/aws/aws-sdk-go-v2/service/ssm v1.27.12/go.mod h1:YKSwltOXNDEOzMLcr9vaiFnfZbB6l6Etf94ViogY/Bk=
github.com/aws/smithy-go v1.13.1 h1:q09BdpUiaqpothcv393ACfWJJHzlzjB5HaNL1XHKmoQ=
github.com/aws/smithy-go v1.13.1/go.mod h1:Tg+OJXh4MB2R/uN61Ko2f6hTZwB/ZYGOtib8J3gBHzA=
github.com/davecgh/go-spew v1.1.0/go.mod h1:J7Y8YcW2NihsgmVo/mv3lAwl/skON4iLHjSsI+c5H38=
github.com/google/go-cmp v0.5.8 h1:e6P7q2lk1O+qJJb4BtCQXlK8vWEO8V1ZeuEdJNOqZyg=
github.com/google/go-cmp v0.5.8/go.mod h1:17dUlkBOakJ0+DkrSSNjCkIjxS6bF9zb3elmeNGIjoY=
github.com/jmespath/go-jmespath v0.4.0/go.mod h1:T8mJZnbsbmF+m6zOOFylbeCJqk5+pHWvzYPziyZiYoo=
github.com/jmespath/go-jmespath/internal/testify v1.5.1/go.mod h1:L3OGu8Wl2/fWfCI6z80xFu9LTZmf1ZRjMHUOPmWr69U=
github.com/pmezard/go-difflib v1.0.0/go.mod h1:iKH77koFhYxTK1pcRnkKkqfTogsbg7gZNVY4sRDYZ/4=
github.com/stretchr/objx v0.1.0/go.mod h1:HFkY916IF+rwdDfMAkV7OtwuqBVzrE8GR6GFx+wExME=
gopkg.in/check.v1 v0.0.0-20161208181325-20d25e280405/go.mod h1:Co6ibVJAznAaIkqp8huTwlJQCZ016jof/cbN4VW5Yz0=
gopkg.in/yaml.v2 v2.2.8/go.mod h1:hI93XBmqTisBFMUTm0b8Fm+jr3Dg1NNxqwp+5A1VGuI=
